
Microsoft Visual Studio Solution File, Format Version 12.00
# Visual Studio Version 17
VisualStudioVersion = 17.4.33205.214
MinimumVisualStudioVersion = 10.0.40219.1
Project("{FAE04EC0-301F-11D3-BF4B-00C04F79EFBC}") = "ConsoleApp38", "ConsoleApp38\ConsoleApp38.csproj", "{9E9F72E8-A4A2-420A-A12A-8CA85EA5CF20}"
EndProject
Global
	GlobalSection(SolutionConfigurationPlatforms) = preSolution
		Debug|Any CPU = Debug|Any CPU
		Release|Any CPU = Release|Any CPU
	EndGlobalSection
	GlobalSection(ProjectConfigurationPlatforms) = postSolution
		{9E9F72E8-A4A2-420A-A12A-8CA85EA5CF20}.Debug|Any CPU.ActiveCfg = Debug|Any CPU
		{9E9F72E8-A4A2-420A-A12A-8CA85EA5CF20}.Debug|Any CPU.Build.0 = Debug|Any CPU
		{9E9F72E8-A4A2-420A-A12A-8CA85EA5CF20}.Release|Any CPU.ActiveCfg = Release|Any CPU
		{9E9F72E8-A4A2-420A-A12A-8CA85EA5CF20}.Release|Any CPU.Build.0 = Release|Any CPU
	EndGlobalSection
	GlobalSection(SolutionProperties) = preSolution
		HideSolutionNode = FALSE
	EndGlobalSection
	GlobalSection(ExtensibilityGlobals) = postSolution
		SolutionGuid = {4CC75C53-F056-4F39-8AD4-943FD4935829}
	EndGlobalSection
EndGlobal
